
Microsoft Visual Studio Solution File, Format Version 12.00
# Visual Studio 14
VisualStudioVersion = 14.0.24720.0
MinimumVisualStudioVersion = 10.0.40219.1
Project("{8BC9CEB8-8B4A-11D0-8D11-00A0C91BC942}") = "Tokenizer", "Tokenizer\Tokenizer.vcxproj", "{45A21D85-0D98-4458-B6F6-CAA01B459706}"
EndProject
Project("{8BC9CEB8-8B4A-11D0-8D11-00A0C91BC942}") = "SemiExpression", "SemiExpression\SemiExpression.vcxproj", "{AF3BA6D5-B50D-4D3D-B6FE-D610E5543D2D}"
EndProject
Project("{8BC9CEB8-8B4A-11D0-8D11-00A0C91BC942}") = "Parser", "Parser\Parser.vcxproj", "{1285EDEB-1155-45F7-A381-019288A05B47}"
EndProject
Project("{8BC9CEB8-8B4A-11D0-8D11-00A0C91BC942}") = "Utilities", "Utilities\Utilities.vcxproj", "{462B43B2-8B13-4178-BF2A-903F76F1985C}"
EndProject
Project("{8BC9CEB8-8B4A-11D0-8D11-00A0C91BC942}") = "FileSystem_Windows", "FileSystem_Windows\FileSystem_Windows.vcxproj", "{55A50FBA-D8C5-44E1-AE31-EEB570AC3B77}"
EndProject
Project("{8BC9CEB8-8B4A-11D0-8D11-00A0C91BC942}") = "MetricsExecutive", "MetricsExecutive\MetricsExecutive.vcxproj", "{0002C270-3F29-44A7-AD29-5C431DD3CDFC}"
EndProject
Project("{8BC9CEB8-8B4A-11D0-8D11-00A0C91BC942}") = "MetricsAnalysis", "MetricsAnalysis\MetricsAnalysis.vcxproj", "{D16AC44B-40EF-419E-81CA-58D1894510CE}"
EndProject
Project("{8BC9CEB8-8B4A-11D0-8D11-00A0C91BC942}") = "ScopeStack", "ScopeStack\ScopeStack.vcxproj", "{25DF863E-06AD-4191-BBD3-310D82C9DEB1}"
EndProject
Project("{8BC9CEB8-8B4A-11D0-8D11-00A0C91BC942}") = "AstTree", "AstTree\AstTree.vcxproj", "{021F8386-0C0E-4B23-AF21-F2D3D6DB38C0}"
EndProject
Project("{8BC9CEB8-8B4A-11D0-8D11-00A0C91BC942}") = "FileSearch_Test", "FileSearch_Test\FileSearch_Test.vcxproj", "{FF6F13DB-8FF3-41F5-9E41-F333C4C04F55}"
EndProject
Project("{8BC9CEB8-8B4A-11D0-8D11-00A0C91BC942}") = "ThreadHelper", "ThreadHelper\ThreadHelper.vcxproj", "{19558E2A-19EF-4C22-A66D-D6076C54A630}"
EndProject
Project("{8BC9CEB8-8B4A-11D0-8D11-00A0C91BC942}") = "DependencyAnalysis", "DependencyAnalysis\DependencyAnalysis.vcxproj", "{E73E709F-9584-41A7-8F34-0BB8BF25643F}"
EndProject
Global
	GlobalSection(SolutionConfigurationPlatforms) = preSolution
		Debug|x64 = Debug|x64
		Debug|x86 = Debug|x86
		Release|x64 = Release|x64
		Release|x86 = Release|x86
	EndGlobalSection
	GlobalSection(ProjectConfigurationPlatforms) = postSolution
		{45A21D85-0D98-4458-B6F6-CAA01B459706}.Debug|x64.ActiveCfg = Debug|x64
		{45A21D85-0D98-4458-B6F6-CAA01B459706}.Debug|x64.Build.0 = Debug|x64
		{45A21D85-0D98-4458-B6F6-CAA01B459706}.Debug|x86.ActiveCfg = Debug|Win32
		{45A21D85-0D98-4458-B6F6-CAA01B459706}.Debug|x86.Build.0 = Debug|Win32
		{45A21D85-0D98-4458-B6F6-CAA01B459706}.Release|x64.ActiveCfg = Release|x64
		{45A21D85-0D98-4458-B6F6-CAA01B459706}.Release|x64.Build.0 = Release|x64
		{45A21D85-0D98-4458-B6F6-CAA01B459706}.Release|x86.ActiveCfg = Release|Win32
		{45A21D85-0D98-4458-B6F6-CAA01B459706}.Release|x86.Build.0 = Release|Win32
		{AF3BA6D5-B50D-4D3D-B6FE-D610E5543D2D}.Debug|x64.ActiveCfg = Debug|x64
		{AF3BA6D5-B50D-4D3D-B6FE-D610E5543D2D}.Debug|x64.Build.0 = Debug|x64
		{AF3BA6D5-B50D-4D3D-B6FE-D610E5543D2D}.Debug|x86.ActiveCfg = Debug|Win32
		{AF3BA6D5-B50D-4D3D-B6FE-D610E5543D2D}.Debug|x86.Build.0 = Debug|Win32
		{AF3BA6D5-B50D-4D3D-B6FE-D610E5543D2D}.Release|x64.ActiveCfg = Release|x64
		{AF3BA6D5-B50D-4D3D-B6FE-D610E5543D2D}.Release|x64.Build.0 = Release|x64
		{AF3BA6D5-B50D-4D3D-B6FE-D610E5543D2D}.Release|x86.ActiveCfg = Release|Win32
		{AF3BA6D5-B50D-4D3D-B6FE-D610E5543D2D}.Release|x86.Build.0 = Release|Win32
		{1285EDEB-1155-45F7-A381-019288A05B47}.Debug|x64.ActiveCfg = Debug|x64
		{1285EDEB-1155-45F7-A381-019288A05B47}.Debug|x64.Build.0 = Debug|x64
		{1285EDEB-1155-45F7-A381-019288A05B47}.Debug|x86.ActiveCfg = Debug|Win32
		{1285EDEB-1155-45F7-A381-019288A05B47}.Debug|x86.Build.0 = Debug|Win32
		{1285EDEB-1155-45F7-A381-019288A05B47}.Release|x64.ActiveCfg = Release|x64
		{1285EDEB-1155-45F7-A381-019288A05B47}.Release|x64.Build.0 = Release|x64
		{1285EDEB-1155-45F7-A381-019288A05B47}.Release|x86.ActiveCfg = Release|Win32
		{1285EDEB-1155-45F7-A381-019288A05B47}.Release|x86.Build.0 = Release|Win32
		{462B43B2-8B13-4178-BF2A-903F76F1985C}.Debug|x64.ActiveCfg = Debug|x64
		{462B43B2-8B13-4178-BF2A-903F76F1985C}.Debug|x64.Build.0 = Debug|x64
		{462B43B2-8B13-4178-BF2A-903F76F1985C}.Debug|x86.ActiveCfg = Debug|Win32
		{462B43B2-8B13-4178-BF2A-903F76F1985C}.Debug|x86.Build.0 = Debug|Win32
		{462B43B2-8B13-4178-BF2A-903F76F1985C}.Release|x64.ActiveCfg = Release|x64
		{462B43B2-8B13-4178-BF2A-903F76F1985C}.Release|x64.Build.0 = Release|x64
		{462B43B2-8B13-4178-BF2A-903F76F1985C}.Release|x86.ActiveCfg = Release|Win32
		{462B43B2-8B13-4178-BF2A-903F76F1985C}.Release|x86.Build.0 = Release|Win32
		{55A50FBA-D8C5-44E1-AE31-EEB570AC3B77}.Debug|x64.ActiveCfg = Debug|x64
		{55A50FBA-D8C5-44E1-AE31-EEB570AC3B77}.Debug|x64.Build.0 = Debug|x64
		{55A50FBA-D8C5-44E1-AE31-EEB570AC3B77}.Debug|x86.ActiveCfg = Debug|Win32
		{55A50FBA-D8C5-44E1-AE31-EEB570AC3B77}.Debug|x86.Build.0 = Debug|Win32
		{55A50FBA-D8C5-44E1-AE31-EEB570AC3B77}.Release|x64.ActiveCfg = Release|x64
		{55A50FBA-D8C5-44E1-AE31-EEB570AC3B77}.Release|x64.Build.0 = Release|x64
		{55A50FBA-D8C5-44E1-AE31-EEB570AC3B77}.Release|x86.ActiveCfg = Release|Win32
		{55A50FBA-D8C5-44E1-AE31-EEB570AC3B77}.Release|x86.Build.0 = Release|Win32
		{0002C270-3F29-44A7-AD29-5C431DD3CDFC}.Debug|x64.ActiveCfg = Debug|x64
		{0002C270-3F29-44A7-AD29-5C431DD3CDFC}.Debug|x64.Build.0 = Debug|x64
		{0002C270-3F29-44A7-AD29-5C431DD3CDFC}.Debug|x86.ActiveCfg = Debug|Win32
		{0002C270-3F29-44A7-AD29-5C431DD3CDFC}.Debug|x86.Build.0 = Debug|Win32
		{0002C270-3F29-44A7-AD29-5C431DD3CDFC}.Release|x64.ActiveCfg = Release|x64
		{0002C270-3F29-44A7-AD29-5C431DD3CDFC}.Release|x64.Build.0 = Release|x64
		{0002C270-3F29-44A7-AD29-5C431DD3CDFC}.Release|x86.ActiveCfg = Release|Win32
		{0002C270-3F29-44A7-AD29-5C431DD3CDFC}.Release|x86.Build.0 = Release|Win32
		{D16AC44B-40EF-419E-81CA-58D1894510CE}.Debug|x64.ActiveCfg = Debug|x64
		{D16AC44B-40EF-419E-81CA-58D1894510CE}.Debug|x64.Build.0 = Debug|x64
		{D16AC44B-40EF-419E-81CA-58D1894510CE}.Debug|x86.ActiveCfg = Debug|Win32
		{D16AC44B-40EF-419E-81CA-58D1894510CE}.Debug|x86.Build.0 = Debug|Win32
		{D16AC44B-40EF-419E-81CA-58D1894510CE}.Release|x64.ActiveCfg = Release|x64
		{D16AC44B-40EF-419E-81CA-58D1894510CE}.Release|x64.Build.0 = Release|x64
		{D16AC44B-40EF-419E-81CA-58D1894510CE}.Release|x86.ActiveCfg = Release|Win32
		{D16AC44B-40EF-419E-81CA-58D1894510CE}.Release|x86.Build.0 = Release|Win32
		{25DF863E-06AD-4191-BBD3-310D82C9DEB1}.Debug|x64.ActiveCfg = Debug|x64
		{25DF863E-06AD-4191-BBD3-310D82C9DEB1}.Debug|x64.Build.0 = Debug|x64
		{25DF863E-06AD-4191-BBD3-310D82C9DEB1}.Debug|x86.ActiveCfg = Debug|Win32
		{25DF863E-06AD-4191-BBD3-310D82C9DEB1}.Debug|x86.Build.0 = Debug|Win32
		{25DF863E-06AD-4191-BBD3-310D82C9DEB1}.Release|x64.ActiveCfg = Release|x64
		{25DF863E-06AD-4191-BBD3-310D82C9DEB1}.Release|x64.Build.0 = Release|x64
		{25DF863E-06AD-4191-BBD3-310D82C9DEB1}.Release|x86.ActiveCfg = Release|Win32
		{25DF863E-06AD-4191-BBD3-310D82C9DEB1}.Release|x86.Build.0 = Release|Win32
		{021F8386-0C0E-4B23-AF21-F2D3D6DB38C0}.Debug|x64.ActiveCfg = Debug|x64
		{021F8386-0C0E-4B23-AF21-F2D3D6DB38C0}.Debug|x64.Build.0 = Debug|x64
		{021F8386-0C0E-4B23-AF21-F2D3D6DB38C0}.Debug|x86.ActiveCfg = Debug|Win32
		{021F8386-0C0E-4B23-AF21-F2D3D6DB38C0}.Debug|x86.Build.0 = Debug|Win32
		{021F8386-0C0E-4B23-AF21-F2D3D6DB38C0}.Release|x64.ActiveCfg = Release|x64
		{021F8386-0C0E-4B23-AF21-F2D3D6DB38C0}.Release|x64.Build.0 = Release|x64
		{021F8386-0C0E-4B23-AF21-F2D3D6DB38C0}.Release|x86.ActiveCfg = Release|Win32
		{021F8386-0C0E-4B23-AF21-F2D3D6DB38C0}.Release|x86.Build.0 = Release|Win32
		{FF6F13DB-8FF3-41F5-9E41-F333C4C04F55}.Debug|x64.ActiveCfg = Debug|x64
		{FF6F13DB-8FF3-41F5-9E41-F333C4C04F55}.Debug|x64.Build.0 = Debug|x64
		{FF6F13DB-8FF3-41F5-9E41-F333C4C04F55}.Debug|x86.ActiveCfg = Debug|Win32
		{FF6F13DB-8FF3-41F5-9E41-F333C4C04F55}.Debug|x86.Build.0 = Debug|Win32
		{FF6F13DB-8FF3-41F5-9E41-F333C4C04F55}.Release|x64.ActiveCfg = Release|x64
		{FF6F13DB-8FF3-41F5-9E41-F333C4C04F55}.Release|x64.Build.0 = Release|x64
		{FF6F13DB-8FF3-41F5-9E41-F333C4C04F55}.Release|x86.ActiveCfg = Release|Win32
		{FF6F13DB-8FF3-41F5-9E41-F333C4C04F55}.Release|x86.Build.0 = Release|Win32
		{19558E2A-19EF-4C22-A66D-D6076C54A630}.Debug|x64.ActiveCfg = Debug|x64
		{19558E2A-19EF-4C22-A66D-D6076C54A630}.Debug|x64.Build.0 = Debug|x64
		{19558E2A-19EF-4C22-A66D-D6076C54A630}.Debug|x86.ActiveCfg = Debug|Win32
		{19558E2A-19EF-4C22-A66D-D6076C54A630}.Debug|x86.Build.0 = Debug|Win32
		{19558E2A-19EF-4C22-A66D-D6076C54A630}.Release|x64.ActiveCfg = Release|x64
		{19558E2A-19EF-4C22-A66D-D6076C54A630}.Release|x64.Build.0 = Release|x64
		{19558E2A-19EF-4C22-A66D-D6076C54A630}.Release|x86.ActiveCfg = Release|Win32
		{19558E2A-19EF-4C22-A66D-D6076C54A630}.Release|x86.Build.0 = Release|Win32
		{E73E709F-9584-41A7-8F34-0BB8BF25643F}.Debug|x64.ActiveCfg = Debug|x64
		{E73E709F-9584-41A7-8F34-0BB8BF25643F}.Debug|x64.Build.0 = Debug|x64
		{E73E709F-9584-41A7-8F34-0BB8BF25643F}.Debug|x86.ActiveCfg = Debug|Win32
		{E73E709F-9584-41A7-8F34-0BB8BF25643F}.Debug|x86.Build.0 = Debug|Win32
		{E73E709F-9584-41A7-8F34-0BB8BF25643F}.Release|x64.ActiveCfg = Release|x64
		{E73E709F-9584-41A7-8F34-0BB8BF25643F}.Release|x64.Build.0 = Release|x64
		{E73E709F-9584-41A7-8F34-0BB8BF25643F}.Release|x86.ActiveCfg = Release|Win32
		{E73E709F-9584-41A7-8F34-0BB8BF25643F}.Release|x86.Build.0 = Release|Win32
	EndGlobalSection
	GlobalSection(SolutionProperties) = preSolution
		HideSolutionNode = FALSE
	EndGlobalSection
EndGlobal
